
Microsoft Visual Studio Solution File, Format Version 12.00
# Visual Studio 15
VisualStudioVersion = 15.0.28307.902
MinimumVisualStudioVersion = 10.0.40219.1
Project("{FAE04EC0-301F-11D3-BF4B-00C04F79EFBC}") = "Gas station", "Gas station\Gas station.csproj", "{07B27D58-B4D1-4D34-879C-8DCA76D34732}"
EndProject
Global
	GlobalSection(SolutionConfigurationPlatforms) = preSolution
		Debug|Any CPU = Debug|Any CPU
		Release|Any CPU = Release|Any CPU
	EndGlobalSection
	GlobalSection(ProjectConfigurationPlatforms) = postSolution
		{07B27D58-B4D1-4D34-879C-8DCA76D34732}.Debug|Any CPU.ActiveCfg = Debug|Any CPU
		{07B27D58-B4D1-4D34-879C-8DCA76D34732}.Debug|Any CPU.Build.0 = Debug|Any CPU
		{07B27D58-B4D1-4D34-879C-8DCA76D34732}.Release|Any CPU.ActiveCfg = Release|Any CPU
		{07B27D58-B4D1-4D34-879C-8DCA76D34732}.Release|Any CPU.Build.0 = Release|Any CPU
	EndGlobalSection
	GlobalSection(SolutionProperties) = preSolution
		HideSolutionNode = FALSE
	EndGlobalSection
	GlobalSection(ExtensibilityGlobals) = postSolution
		SolutionGuid = {11308184-6040-4903-954A-F19444407989}
	EndGlobalSection
EndGlobal
